{
  "lockfile-version": 1,
  "manifest": {
    "version": 1,
    "install": {
      "nodejs_22": {
        "pkg-path": "nodejs_22"
      },
      "yarn": {
        "pkg-path": "yarn"
      }
    },
    "hook": {
      "on-activate": "    yarn\n  "
    },
    "profile": {},
    "options": {
      "systems": [
        "aarch64-darwin",
        "aarch64-linux",
        "x86_64-darwin",
        "x86_64-linux"
      ],
      "allow": {
        "licenses": []
      },
      "semver": {}
    }
  },
  "packages": [
    {
      "attr_path": "nodejs_22",
      "broken": false,
      "derivation": "/nix/store/4bl62dvqxj7m1c9jf0h6i7dj8kvmfph3-nodejs-22.14.0.drv",
      "description": "Event-driven I/O framework for the V8 JavaScript engine",
      "install_id": "nodejs_22",
      "license": "MIT",
      "locked_url": "https://github.com/flox/nixpkgs?rev=698214a32beb4f4c8e3942372c694f40848b360d",
      "name": "nodejs-22.14.0",
      "pname": "nodejs_22",
      "rev": "698214a32beb4f4c8e3942372c694f40848b360d",
      "rev_count": 773904,
      "rev_date": "2025-03-25T07:53:30Z",
      "scrape_date": "2025-03-27T01:10:00.070009Z",
      "stabilities": [
        "unstable"
      ],
      "unfree": false,
      "version": "22.14.0",
      "outputs_to_install": [
        "out"
      ],
      "outputs": {
        "libv8": "/nix/store/4m6xhygkx74fsd5k99nihgr7vg85f553-nodejs-22.14.0-libv8",
        "out": "/nix/store/i1v519j66jmvpqr5h382i9nanxwa5l6n-nodejs-22.14.0"
      },
      "system": "aarch64-darwin",
      "group": "toplevel",
      "priority": 5
    },
    {
      "attr_path": "nodejs_22",
      "broken": false,
      "derivation": "/nix/store/m8khc780w6kw2yrzfg4f6d53d8midsr2-nodejs-22.14.0.drv",
      "description": "Event-driven I/O framework for the V8 JavaScript engine",
      "install_id": "nodejs_22",
      "license": "MIT",
      "locked_url": "https://github.com/flox/nixpkgs?rev=698214a32beb4f4c8e3942372c694f40848b360d",
      "name": "nodejs-22.14.0",
      "pname": "nodejs_22",
      "rev": "698214a32beb4f4c8e3942372c694f40848b360d",
      "rev_count": 773904,
      "rev_date": "2025-03-25T07:53:30Z",
      "scrape_date": "2025-03-27T01:27:22.060318Z",
      "stabilities": [
        "unstable"
      ],
      "unfree": false,
      "version": "22.14.0",
      "outputs_to_install": [
        "out"
      ],
      "outputs": {
        "libv8": "/nix/store/s8407q9aa2mi2b60zk2mkjjdnv4qw87x-nodejs-22.14.0-libv8",
        "out": "/nix/store/p6183qmkyfkz5sqlv4wbw6a2nnh1r8jf-nodejs-22.14.0"
      },
      "system": "aarch64-linux",
      "group": "toplevel",
      "priority": 5
    },
    {
      "attr_path": "nodejs_22",
      "broken": false,
      "derivation": "/nix/store/196ab1kxhfzgd8vv2vspas0r7h4hxks8-nodejs-22.14.0.drv",
      "description": "Event-driven I/O framework for the V8 JavaScript engine",
      "install_id": "nodejs_22",
      "license": "MIT",
      "locked_url": "https://github.com/flox/nixpkgs?rev=698214a32beb4f4c8e3942372c694f40848b360d",
      "name": "nodejs-22.14.0",
      "pname": "nodejs_22",
      "rev": "698214a32beb4f4c8e3942372c694f40848b360d",
      "rev_count": 773904,
      "rev_date": "2025-03-25T07:53:30Z",
      "scrape_date": "2025-03-27T01:43:00.443428Z",
      "stabilities": [
        "unstable"
      ],
      "unfree": false,
      "version": "22.14.0",
      "outputs_to_install": [
        "out"
      ],
      "outputs": {
        "libv8": "/nix/store/sx5pbfq09qkl6bfxcljmhf5s1z049693-nodejs-22.14.0-libv8",
        "out": "/nix/store/mxpq0x25ayiliy6938pflhqvfc1nznkl-nodejs-22.14.0"
      },
      "system": "x86_64-darwin",
      "group": "toplevel",
      "priority": 5
    },
    {
      "attr_path": "nodejs_22",
      "broken": false,
      "derivation": "/nix/store/krrkhhd5vs17c7mx5zrqivf0rrl8w8kq-nodejs-22.14.0.drv",
      "description": "Event-driven I/O framework for the V8 JavaScript engine",
      "install_id": "nodejs_22",
      "license": "MIT",
      "locked_url": "https://github.com/flox/nixpkgs?rev=698214a32beb4f4c8e3942372c694f40848b360d",
      "name": "nodejs-22.14.0",
      "pname": "nodejs_22",
      "rev": "698214a32beb4f4c8e3942372c694f40848b360d",
      "rev_count": 773904,
      "rev_date": "2025-03-25T07:53:30Z",
      "scrape_date": "2025-03-27T02:01:53.368815Z",
      "stabilities": [
        "unstable"
      ],
      "unfree": false,
      "version": "22.14.0",
      "outputs_to_install": [
        "out"
      ],
      "outputs": {
        "libv8": "/nix/store/j4w6685rkqwwl03cc8phm8xiyb2xmbnq-nodejs-22.14.0-libv8",
        "out": "/nix/store/bmakyv5ip1wc9jk155glzdw4vnnrym04-nodejs-22.14.0"
      },
      "system": "x86_64-linux",
      "group": "toplevel",
      "priority": 5
    },
    {
      "attr_path": "yarn",
      "broken": false,
      "derivation": "/nix/store/33szjggz23rmrm3ql572690kvnmx5rs8-yarn-1.22.22.drv",
      "description": "Fast, reliable, and secure dependency management for javascript",
      "install_id": "yarn",
      "license": "BSD-2-Clause",
      "locked_url": "https://github.com/flox/nixpkgs?rev=698214a32beb4f4c8e3942372c694f40848b360d",
      "name": "yarn-1.22.22",
      "pname": "yarn",
      "rev": "698214a32beb4f4c8e3942372c694f40848b360d",
      "rev_count": 773904,
      "rev_date": "2025-03-25T07:53:30Z",
      "scrape_date": "2025-03-27T01:10:53.836113Z",
      "stabilities": [
        "unstable"
      ],
      "unfree": false,
      "version": "1.22.22",
      "outputs_to_install": [
        "out"
      ],
      "outputs": {
        "out": "/nix/store/0nincnkbkk7inb1nrqf83mmzwc94xiyl-yarn-1.22.22"
      },
      "system": "aarch64-darwin",
      "group": "toplevel",
      "priority": 5
    },
    {
      "attr_path": "yarn",
      "broken": false,
      "derivation": "/nix/store/yfxgljg5vvv3knkycnsazdfsx1pkg2pq-yarn-1.22.22.drv",
      "description": "Fast, reliable, and secure dependency management for javascript",
      "install_id": "yarn",
      "license": "BSD-2-Clause",
      "locked_url": "https://github.com/flox/nixpkgs?rev=698214a32beb4f4c8e3942372c694f40848b360d",
      "name": "yarn-1.22.22",
      "pname": "yarn",
      "rev": "698214a32beb4f4c8e3942372c694f40848b360d",
      "rev_count": 773904,
      "rev_date": "2025-03-25T07:53:30Z",
      "scrape_date": "2025-03-27T01:28:39.763697Z",
      "stabilities": [
        "unstable"
      ],
      "unfree": false,
      "version": "1.22.22",
      "outputs_to_install": [
        "out"
      ],
      "outputs": {
        "out": "/nix/store/qxymdihqclkg42i4185f7y9nf7j1cwz8-yarn-1.22.22"
      },
      "system": "aarch64-linux",
      "group": "toplevel",
      "priority": 5
    },
    {
      "attr_path": "yarn",
      "broken": false,
      "derivation": "/nix/store/mdg1fracn8xp9ak3np89gli8kbk95am6-yarn-1.22.22.drv",
      "description": "Fast, reliable, and secure dependency management for javascript",
      "install_id": "yarn",
      "license": "BSD-2-Clause",
      "locked_url": "https://github.com/flox/nixpkgs?rev=698214a32beb4f4c8e3942372c694f40848b360d",
      "name": "yarn-1.22.22",
      "pname": "yarn",
      "rev": "698214a32beb4f4c8e3942372c694f40848b360d",
      "rev_count": 773904,
      "rev_date": "2025-03-25T07:53:30Z",
      "scrape_date": "2025-03-27T01:43:52.362728Z",
      "stabilities": [
        "unstable"
      ],
      "unfree": false,
      "version": "1.22.22",
      "outputs_to_install": [
        "out"
      ],
      "outputs": {
        "out": "/nix/store/2li1br96rd013mimbvnsf81fk564jx0v-yarn-1.22.22"
      },
      "system": "x86_64-darwin",
      "group": "toplevel",
      "priority": 5
    },
    {
      "attr_path": "yarn",
      "broken": false,
      "derivation": "/nix/store/kn27ww92add7a76bnh2fqq0g0jqb6rig-yarn-1.22.22.drv",
      "description": "Fast, reliable, and secure dependency management for javascript",
      "install_id": "yarn",
      "license": "BSD-2-Clause",
      "locked_url": "https://github.com/flox/nixpkgs?rev=698214a32beb4f4c8e3942372c694f40848b360d",
      "name": "yarn-1.22.22",
      "pname": "yarn",
      "rev": "698214a32beb4f4c8e3942372c694f40848b360d",
      "rev_count": 773904,
      "rev_date": "2025-03-25T07:53:30Z",
      "scrape_date": "2025-03-27T02:03:16.044337Z",
      "stabilities": [
        "unstable"
      ],
      "unfree": false,
      "version": "1.22.22",
      "outputs_to_install": [
        "out"
      ],
      "outputs": {
        "out": "/nix/store/sfh8adsjz44xyismwlzamq25k6lk9igl-yarn-1.22.22"
      },
      "system": "x86_64-linux",
      "group": "toplevel",
      "priority": 5
    }
  ]
}